
Microsoft Visual Studio Solution File, Format Version 12.00
# Visual Studio Version 17
VisualStudioVersion = 17.7.34018.315
MinimumVisualStudioVersion = 10.0.40219.1
Project("{9A19103F-16F7-4668-BE54-9A1E7A4F7556}") = "FoodWeb", "FoodWeb\FoodWeb.csproj", "{03244926-3191-4BF8-9D49-05CCFD7E4EC9}"
EndProject
Global
	GlobalSection(SolutionConfigurationPlatforms) = preSolution
		Debug|Any CPU = Debug|Any CPU
		Release|Any CPU = Release|Any CPU
	EndGlobalSection
	GlobalSection(ProjectConfigurationPlatforms) = postSolution
		{03244926-3191-4BF8-9D49-05CCFD7E4EC9}.Debug|Any CPU.ActiveCfg = Debug|Any CPU
		{03244926-3191-4BF8-9D49-05CCFD7E4EC9}.Debug|Any CPU.Build.0 = Debug|Any CPU
		{03244926-3191-4BF8-9D49-05CCFD7E4EC9}.Release|Any CPU.ActiveCfg = Release|Any CPU
		{03244926-3191-4BF8-9D49-05CCFD7E4EC9}.Release|Any CPU.Build.0 = Release|Any CPU
	EndGlobalSection
	GlobalSection(SolutionProperties) = preSolution
		HideSolutionNode = FALSE
	EndGlobalSection
	GlobalSection(ExtensibilityGlobals) = postSolution
		SolutionGuid = {9099E6D2-1C5C-4052-B42F-E36C6A838683}
	EndGlobalSection
EndGlobal
